PODS:
  - CountryPickerView (2.1.0)

DEPENDENCIES:
  - CountryPickerView (from `https://github.com/tmbiOS/CountryPickerView`)

EXTERNAL SOURCES:
  CountryPickerView:
    :git: https://github.com/tmbiOS/CountryPickerView

CHECKOUT OPTIONS:
  CountryPickerView:
    :commit: 54dd9ab3216ac72cf6dd8651f4475ba7077f41df
    :git: https://github.com/tmbiOS/CountryPickerView

SPEC CHECKSUMS:
  CountryPickerView: db05b3dbd2c6bd4c04c388ee53b5bedf8d84a5fd

PODFILE CHECKSUM: 9c0fa8660f68f6f0d533fa4eb243b3ec1e49ac2e

COCOAPODS: 1.5.2
